
Microsoft Visual Studio Solution File, Format Version 12.00
# Visual Studio 15
VisualStudioVersion = 15.0.27130.2027
MinimumVisualStudioVersion = 10.0.40219.1
Project("{F184B08F-C81C-45F6-A57F-5ABD9991F28F}") = "LibraryManagement", "LibraryManagement\LibraryManagement.vbproj", "{FE587155-E8A6-487E-A823-D37679AF7AA1}"
EndProject
Global
	GlobalSection(SolutionConfigurationPlatforms) = preSolution
		Debug|Any CPU = Debug|Any CPU
		Release|Any CPU = Release|Any CPU
	EndGlobalSection
	GlobalSection(ProjectConfigurationPlatforms) = postSolution
		{FE587155-E8A6-487E-A823-D37679AF7AA1}.Debug|Any CPU.ActiveCfg = Debug|Any CPU
		{FE587155-E8A6-487E-A823-D37679AF7AA1}.Debug|Any CPU.Build.0 = Debug|Any CPU
		{FE587155-E8A6-487E-A823-D37679AF7AA1}.Release|Any CPU.ActiveCfg = Release|Any CPU
		{FE587155-E8A6-487E-A823-D37679AF7AA1}.Release|Any CPU.Build.0 = Release|Any CPU
	EndGlobalSection
	GlobalSection(SolutionProperties) = preSolution
		HideSolutionNode = FALSE
	EndGlobalSection
	GlobalSection(ExtensibilityGlobals) = postSolution
		SolutionGuid = {30D6B0D9-1A74-4F45-8859-C4BE7EF77BF7}
	EndGlobalSection
EndGlobal
